# This file was autogenerated by Stack.
# You should not edit this file by hand.
# For more information, please see the documentation at:
#   https://docs.haskellstack.org/en/stable/lock_files

packages:
- completed:
    hackage: language-docker-8.1.0@sha256:d37de863f2b7378d765ad0c8873c37afd49f1e6f3255230cfa45f87e4931262e,2780
    pantry-tree:
      size: 1207
      sha256: 0832c9140a53897181c0d82992a2f5478cd00b46c38ddcffb294efe7cdec5cff
  original:
    hackage: language-docker-8.1.0
snapshots:
- completed:
    size: 491372
    url: https://raw.githubusercontent.com/commercialhaskell/stackage-snapshots/master/lts/15/2.yaml
    sha256: a98d091d911606d0d8adccbeb811b81bbd8cc2d888f99ef9e273350e8e9692a8
  original: lts-15.2
